[ "exconfig": {:git, "https://github.com/yrashk/exconfig.git", "67dcff41b9d1547f64421aeb370d6cf4ca162057", []},
  "finalizer": {:git, "git://github.com/meh/elixir-finalizer.git", "9c38d9145824a46c66f1a010e137a953a6c78e04", []},
  "genx": {:git, "git://github.com/yrashk/genx.git", "1b857fa422a47269d5f151ecababd83f4835527d", []},
  "resource": {:git, "git://github.com/tonyrog/resource.git", "b9e1adcadcc8cb59130e0bbecbbe6777bb8d7c78", []},
  "socket": {:git, "git://github.com/meh/elixir-socket.git", "d42264e87519b2d9fed9e6f1517b0e6c43ac1e9f", []} ]
